<?xml version="1.0" encoding="utf-8"?>
<Project ToolsVersion="4.0" xmlns="http://schemas.microsoft.com/developer/msbuild/2003">
  <ItemGroup>
    <Filter Include="Resource Files">
      <UniqueIdentifier>{67DA6AB6-F800-4c08-8B7A-83BB121AAD01}</UniqueIdentifier>
      <Extensions>rc;ico;cur;bmp;dlg;rc2;rct;bin;rgs;gif;jpg;jpeg;jpe;resx;tiff;tif;png;wav;mfcribbon-ms</Extensions>
    </Filter>
    <Filter Include="Files">
      <UniqueIdentifier>{4FC737F1-C7A5-4376-A066-2A32D752A2FF}</UniqueIdentifier>
      <Extensions>cpp;c;cc;cxx;def;odl;idl;hpj;bat;asm;asmx</Extensions>
    </Filter>
    <Filter Include="Files\General">
      <UniqueIdentifier>{3722a91d-44c0-4275-9f51-f7d1a6e078b2}</UniqueIdentifier>
    </Filter>
    <Filter Include="Files\Display">
      <UniqueIdentifier>{435b6a0a-ca1d-4997-a0f2-f74afc99ede7}</UniqueIdentifier>
    </Filter>
    <Filter Include="Files\Model Loader">
      <UniqueIdentifier>{9dbc6414-d591-45b8-8ad3-f5ae9974af5e}</UniqueIdentifier>
    </Filter>
    <Filter Include="Files\Shader">
      <UniqueIdentifier>{e1b3560c-f5ce-4ca8-b09f-038f99382d9d}</UniqueIdentifier>
    </Filter>
    <Filter Include="Files\Shaders">
      <UniqueIdentifier>{18fd384a-f6c0-45fa-b095-568a20c0f1ff}</UniqueIdentifier>
    </Filter>
    <Filter Include="Files\Shaders\Procedural">
      <UniqueIdentifier>{5546ebcf-7320-40fe-b381-75d2392d3aa9}</UniqueIdentifier>
    </Filter>
    <Filter Include="Files\Shaders\Render">
      <UniqueIdentifier>{bddce3c3-cd99-413e-ae20-7d14abdee8d5}</UniqueIdentifier>
    </Filter>
    <Filter Include="Files\Shaders\Procedural\Density">
      <UniqueIdentifier>{9304f3c8-cf3b-4176-90d4-44b7c4729a00}</UniqueIdentifier>
    </Filter>
    <Filter Include="Files\Shaders\Procedural\Occupied">
      <UniqueIdentifier>{ea7afc35-dfd8-4931-a571-e14e8534ed13}</UniqueIdentifier>
    </Filter>
    <Filter Include="Files\Shaders\Procedural\VertexMesh">
      <UniqueIdentifier>{ded67c18-96fb-4503-8510-529f866d489c}</UniqueIdentifier>
    </Filter>
    <Filter Include="Files\Shaders\Procedural\GenVerts">
      <UniqueIdentifier>{9e554670-0366-43ef-b12c-b13970cb0f77}</UniqueIdentifier>
    </Filter>
    <Filter Include="Files\Shaders\Procedural\GenIndices">
      <UniqueIdentifier>{2f727850-22ae-4491-96d9-b815ff60d8f2}</UniqueIdentifier>
    </Filter>
    <Filter Include="Files\Shaders\Procedural\VertSplat">
      <UniqueIdentifier>{0b4f340d-d6cc-4672-9e4a-398b8d9aa35b}</UniqueIdentifier>
    </Filter>
    <Filter Include="Files\Parser">
      <UniqueIdentifier>{9432b24d-6194-4317-aed5-92d369c335e9}</UniqueIdentifier>
    </Filter>
    <Filter Include="Files\Shaders\Procedural\ClearTex">
      <UniqueIdentifier>{edc9bd65-743c-4327-b8b6-33ed0d883a02}</UniqueIdentifier>
    </Filter>
    <Filter Include="Files\Shaders\Simplex">
      <UniqueIdentifier>{5c41b4ff-d76f-4b44-a2cd-b7374c0e4762}</UniqueIdentifier>
    </Filter>
    <Filter Include="Files\FindY">
      <UniqueIdentifier>{c4a59b31-2550-46cc-99f3-b16d25bb1b1c}</UniqueIdentifier>
    </Filter>
    <Filter Include="Files\Window Setup">
      <UniqueIdentifier>{5ba03497-9cfa-4776-a7c2-ba7794bdc266}</UniqueIdentifier>
    </Filter>
    <Filter Include="Files\HLSL CPU">
      <UniqueIdentifier>{e4095b41-4164-4158-aa09-47e4d77c0a43}</UniqueIdentifier>
    </Filter>
    <Filter Include="Files\Shaders\Procedural\FindY">
      <UniqueIdentifier>{0b0ff91f-3b37-4f9d-820d-de2b87822180}</UniqueIdentifier>
    </Filter>
    <Filter Include="Files\Shaders\Rock">
      <UniqueIdentifier>{283e1f04-cbe2-4c13-929a-e0b13079fab9}</UniqueIdentifier>
    </Filter>
    <Filter Include="Files\Shaders\Rock\Marble">
      <UniqueIdentifier>{0981c828-2f3c-4924-a213-4267dde6017e}</UniqueIdentifier>
    </Filter>
    <Filter Include="Files\Image">
      <UniqueIdentifier>{2c5214ea-2d68-4d8f-846e-20a654b4ae12}</UniqueIdentifier>
    </Filter>
  </ItemGroup>
  <ItemGroup>
    <ClCompile Include="main.cpp">
      <Filter>Files</Filter>
    </ClCompile>
    <ClCompile Include="Manager.cpp">
      <Filter>Files\Window Setup</Filter>
    </ClCompile>
    <ClCompile Include="Window.cpp">
      <Filter>Files\Window Setup</Filter>
    </ClCompile>
    <ClCompile Include="Graphics.cpp">
      <Filter>Files\Display</Filter>
    </ClCompile>
    <ClCompile Include="Shader.cpp">
      <Filter>Files\Shader</Filter>
    </ClCompile>
    <ClCompile Include="Parser.cpp">
      <Filter>Files\Parser</Filter>
    </ClCompile>
    <ClCompile Include="FindY.cpp">
      <Filter>Files\FindY</Filter>
    </ClCompile>
    <ClCompile Include="Image.cpp">
      <Filter>Files\Image</Filter>
    </ClCompile>
  </ItemGroup>
  <ItemGroup>
    <ClInclude Include="Manager.h">
      <Filter>Files\Window Setup</Filter>
    </ClInclude>
    <ClInclude Include="Window.h">
      <Filter>Files\Window Setup</Filter>
    </ClInclude>
    <ClInclude Include="Helper.h">
      <Filter>Files\General</Filter>
    </ClInclude>
    <ClInclude Include="Graphics.h">
      <Filter>Files\Display</Filter>
    </ClInclude>
    <ClInclude Include="Shader.h">
      <Filter>Files\Shader</Filter>
    </ClInclude>
    <ClInclude Include="d3dx12.h">
      <Filter>Files\General</Filter>
    </ClInclude>
    <ClInclude Include="Parser.h">
      <Filter>Files\Parser</Filter>
    </ClInclude>
    <ClInclude Include="HLSL_CPU.h">
      <Filter>Files\HLSL CPU</Filter>
    </ClInclude>
    <ClInclude Include="Image.h">
      <Filter>Files\Image</Filter>
    </ClInclude>
  </ItemGroup>
  <ItemGroup>
    <FxCompile Include="RenderVS.hlsl">
      <Filter>Files\Shaders\Render</Filter>
    </FxCompile>
    <FxCompile Include="RenderPS.hlsl">
      <Filter>Files\Shaders\Render</Filter>
    </FxCompile>
    <FxCompile Include="DensityVS.hlsl">
      <Filter>Files\Shaders\Procedural\Density</Filter>
    </FxCompile>
    <FxCompile Include="DensityGS.hlsl">
      <Filter>Files\Shaders\Procedural\Density</Filter>
    </FxCompile>
    <FxCompile Include="DensityPS.hlsl">
      <Filter>Files\Shaders\Procedural\Density</Filter>
    </FxCompile>
    <FxCompile Include="OccupiedVS.hlsl">
      <Filter>Files\Shaders\Procedural\Occupied</Filter>
    </FxCompile>
    <FxCompile Include="OccupiedGS.hlsl">
      <Filter>Files\Shaders\Procedural\Occupied</Filter>
    </FxCompile>
    <FxCompile Include="VertexMeshGS.hlsl">
      <Filter>Files\Shaders\Procedural\VertexMesh</Filter>
    </FxCompile>
    <FxCompile Include="VertexMeshVS.hlsl">
      <Filter>Files\Shaders\Procedural\VertexMesh</Filter>
    </FxCompile>
    <FxCompile Include="GenVertsVS.hlsl">
      <Filter>Files\Shaders\Procedural\GenVerts</Filter>
    </FxCompile>
    <FxCompile Include="GenVertsGS.hlsl">
      <Filter>Files\Shaders\Procedural\GenVerts</Filter>
    </FxCompile>
    <FxCompile Include="GenIndicesVS.hlsl">
      <Filter>Files\Shaders\Procedural\GenIndices</Filter>
    </FxCompile>
    <FxCompile Include="GenIndicesGS.hlsl">
      <Filter>Files\Shaders\Procedural\GenIndices</Filter>
    </FxCompile>
    <FxCompile Include="VertSplatGS.hlsl">
      <Filter>Files\Shaders\Procedural\VertSplat</Filter>
    </FxCompile>
    <FxCompile Include="VertSplatVS.hlsl">
      <Filter>Files\Shaders\Procedural\VertSplat</Filter>
    </FxCompile>
    <FxCompile Include="VertSplatPS.hlsl">
      <Filter>Files\Shaders\Procedural\VertSplat</Filter>
    </FxCompile>
    <FxCompile Include="ClearTexGS.hlsl">
      <Filter>Files\Shaders\Procedural\ClearTex</Filter>
    </FxCompile>
    <FxCompile Include="ClearTexPS.hlsl">
      <Filter>Files\Shaders\Procedural\ClearTex</Filter>
    </FxCompile>
    <FxCompile Include="ClearTexVS.hlsl">
      <Filter>Files\Shaders\Procedural\ClearTex</Filter>
    </FxCompile>
    <FxCompile Include="SampleDensityVS.hlsl">
      <Filter>Files\Shaders\Procedural\FindY</Filter>
    </FxCompile>
    <FxCompile Include="SearchTerrainCS.hlsl">
      <Filter>Files\Shaders\Procedural\FindY</Filter>
    </FxCompile>
    <FxCompile Include="MarbleVS.hlsl">
      <Filter>Files\Shaders\Rock\Marble</Filter>
    </FxCompile>
    <FxCompile Include="MarblePS.hlsl">
      <Filter>Files\Shaders\Rock\Marble</Filter>
    </FxCompile>
  </ItemGroup>
  <ItemGroup>
    <None Include="ProceduralConstantsH.hlsl">
      <Filter>Files\Shaders\Procedural</Filter>
    </None>
    <None Include="EdgesConstantsH.hlsl">
      <Filter>Files\Shaders\Procedural</Filter>
    </None>
    <None Include="GenVertsH.hlsl">
      <Filter>Files\Shaders\Procedural\GenVerts</Filter>
    </None>
    <None Include="Debug.hlsl">
      <Filter>Files\Shaders\Procedural</Filter>
    </None>
    <None Include="PolyEdgeH.hlsl">
      <Filter>Files\Shaders\Procedural</Filter>
    </None>
    <None Include="SimplexH.hlsl">
      <Filter>Files\Shaders\Simplex</Filter>
    </None>
    <None Include="RaysH.hlsl">
      <Filter>Files\Shaders\Procedural</Filter>
    </None>
    <None Include="DensityH.hlsl">
      <Filter>Files\Shaders\Procedural</Filter>
    </None>
    <None Include="NoiseH.hlsl">
      <Filter>Files\Shaders\Procedural</Filter>
    </None>
  </ItemGroup>
</Project>